
Microsoft Visual Studio Solution File, Format Version 12.00
# Visual Studio Version 17
VisualStudioVersion = 17.11.35303.130
MinimumVisualStudioVersion = 10.0.40219.1
Project("{FAE04EC0-301F-11D3-BF4B-00C04F79EFBC}") = "HkSpeedUp", "HkSpeedUp\HkSpeedUp.csproj", "{452DF353-C188-45A6-BDC7-3E073EE1587F}"
EndProject
Global
	GlobalSection(SolutionConfigurationPlatforms) = preSolution
		Debug|Any CPU = Debug|Any CPU
		Release|Any CPU = Release|Any CPU
	EndGlobalSection
	GlobalSection(ProjectConfigurationPlatforms) = postSolution
		{452DF353-C188-45A6-BDC7-3E073EE1587F}.Debug|Any CPU.ActiveCfg = Debug|Any CPU
		{452DF353-C188-45A6-BDC7-3E073EE1587F}.Debug|Any CPU.Build.0 = Debug|Any CPU
		{452DF353-C188-45A6-BDC7-3E073EE1587F}.Release|Any CPU.ActiveCfg = Release|Any CPU
		{452DF353-C188-45A6-BDC7-3E073EE1587F}.Release|Any CPU.Build.0 = Release|Any CPU
	EndGlobalSection
	GlobalSection(SolutionProperties) = preSolution
		HideSolutionNode = FALSE
	EndGlobalSection
	GlobalSection(ExtensibilityGlobals) = postSolution
		SolutionGuid = {E1C2379F-6C50-4857-9899-78D8242E31FC}
	EndGlobalSection
EndGlobal
